// !$*UTF8*$!
{
	archiveVersion = 1;
	classes = {
	};
	objectVersion = 46;
	objects = {

/* Begin PBXBuildFile section */
		BC38D7F31B4007B5000D65B2 /* AppDelegate.swift in Sources */ = {isa = PBXBuildFile; fileRef = BC38D7F21B4007B5000D65B2 /* AppDelegate.swift */; };
		BC38D7F51B4007B5000D65B2 /* Images.xcassets in Resources */ = {isa = PBXBuildFile; fileRef = BC38D7F41B4007B5000D65B2 /* Images.xcassets */; };
		BC38D7F81B4007B5000D65B2 /* MainMenu.xib in Resources */ = {isa = PBXBuildFile; fileRef = BC38D7F61B4007B5000D65B2 /* MainMenu.xib */; };
		BC38D8041B4007B5000D65B2 /* InsteonCommanderTests.swift in Sources */ = {isa = PBXBuildFile; fileRef = BC38D8031B4007B5000D65B2 /* InsteonCommanderTests.swift */; };
		BCADEEC11B42C3CA00372FBD /* tray.png in Resources */ = {isa = PBXBuildFile; fileRef = BCADEEC01B42C3CA00372FBD /* tray.png */; };
		BCAE79801B47261D00117216 /* PreferencesWindow.swift in Sources */ = {isa = PBXBuildFile; fileRef = BCAE797E1B47261D00117216 /* PreferencesWindow.swift */; };
		BCAE79811B47261D00117216 /* PreferencesWindow.xib in Resources */ = {isa = PBXBuildFile; fileRef = BCAE797F1B47261D00117216 /* PreferencesWindow.xib */; };
		BCF8ADC41B481F15003CBC8C /* InsteonHub.swift in Sources */ = {isa = PBXBuildFile; fileRef = BCF8ADC31B481F15003CBC8C /* InsteonHub.swift */; };
/* End PBXBuildFile section */

/* Begin PBXContainerItemProxy section */
		BC38D7FE1B4007B5000D65B2 /* PBXContainerItemProxy */ = {
			isa = PBXContainerItemProxy;
			containerPortal = BC38D7E51B4007B5000D65B2 /* Project object */;
			proxyType = 1;
			remoteGlobalIDString = BC38D7EC1B4007B5000D65B2;
			remoteInfo = InsteonCommander;
		};
/* End PBXContainerItemProxy section */

/* Begin PBXFileReference section */
		BC38D7ED1B4007B5000D65B2 /* InsteonCommander.app */ = {isa = PBXFileReference; explicitFileType = wrapper.application; includeInIndex = 0; path = InsteonCommander.app; sourceTree = BUILT_PRODUCTS_DIR; };
		BC38D7F11B4007B5000D65B2 /* Info.plist */ = {isa = PBXFileReference; lastKnownFileType = text.plist.xml; path = Info.plist; sourceTree = "<group>"; };
		BC38D7F21B4007B5000D65B2 /* AppDelegate.swift */ = {isa = PBXFileReference; lastKnownFileType = sourcecode.swift; path = AppDelegate.swift; sourceTree = "<group>"; };
		BC38D7F41B4007B5000D65B2 /* Images.xcassets */ = {isa = PBXFileReference; lastKnownFileType = folder.assetcatalog; path = Images.xcassets; sourceTree = "<group>"; };
		BC38D7F71B4007B5000D65B2 /* Base */ = {isa = PBXFileReference; lastKnownFileType = file.xib; name = Base; path = Base.lproj/MainMenu.xib; sourceTree = "<group>"; };
		BC38D7FD1B4007B5000D65B2 /* InsteonCommanderTests.xctest */ = {isa = PBXFileReference; explicitFileType = wrapper.cfbundle; includeInIndex = 0; path = InsteonCommanderTests.xctest; sourceTree = BUILT_PRODUCTS_DIR; };
		BC38D8021B4007B5000D65B2 /* Info.plist */ = {isa = PBXFileReference; lastKnownFileType = text.plist.xml; path = Info.plist; sourceTree = "<group>"; };
		BC38D8031B4007B5000D65B2 /* InsteonCommanderTests.swift */ = {isa = PBXFileReference; lastKnownFileType = sourcecode.swift; path = InsteonCommanderTests.swift; sourceTree = "<group>"; };
		BCADEEC01B42C3CA00372FBD /* tray.png */ = {isa = PBXFileReference; lastKnownFileType = image.png; path = tray.png; sourceTree = "<group>"; };
		BCAE797E1B47261D00117216 /* PreferencesWindow.swift */ = {isa = PBXFileReference; fileEncoding = 4; lastKnownFileType = sourcecode.swift; name = PreferencesWindow.swift; path = ../PreferencesWindow.swift; sourceTree = "<group>"; };
		BCAE797F1B47261D00117216 /* PreferencesWindow.xib */ = {isa = PBXFileReference; fileEncoding = 4; lastKnownFileType = file.xib; name = PreferencesWindow.xib; path = ../PreferencesWindow.xib; sourceTree = "<group>"; };
		BCF8ADC31B481F15003CBC8C /* InsteonHub.swift */ = {isa = PBXFileReference; fileEncoding = 4; lastKnownFileType = sourcecode.swift; path = InsteonHub.swift; sourceTree = "<group>"; };
/* End PBXFileReference section */

/* Begin PBXFrameworksBuildPhase section */
		BC38D7EA1B4007B5000D65B2 /* Frameworks */ = {
			isa = PBXFrameworksBuildPhase;
			buildActionMask = 2147483647;
			files = (
			);
			runOnlyForDeploymentPostprocessing = 0;
		};
		BC38D7FA1B4007B5000D65B2 /* Frameworks */ = {
			isa = PBXFrameworksBuildPhase;
			buildActionMask = 2147483647;
			files = (
			);
			runOnlyForDeploymentPostprocessing = 0;
		};
/* End PBXFrameworksBuildPhase section */

/* Begin PBXGroup section */
		BC38D7E41B4007B5000D65B2 = {
			isa = PBXGroup;
			children = (
				BC38D7EF1B4007B5000D65B2 /* InsteonCommander */,
				BC38D8001B4007B5000D65B2 /* InsteonCommanderTests */,
				BC38D7EE1B4007B5000D65B2 /* Products */,
			);
			sourceTree = "<group>";
		};
		BC38D7EE1B4007B5000D65B2 /* Products */ = {
			isa = PBXGroup;
			children = (
				BC38D7ED1B4007B5000D65B2 /* InsteonCommander.app */,
				BC38D7FD1B4007B5000D65B2 /* InsteonCommanderTests.xctest */,
			);
			name = Products;
			sourceTree = "<group>";
		};
		BC38D7EF1B4007B5000D65B2 /* InsteonCommander */ = {
			isa = PBXGroup;
			children = (
				BCADEEC01B42C3CA00372FBD /* tray.png */,
				BCAE797E1B47261D00117216 /* PreferencesWindow.swift */,
				BCAE797F1B47261D00117216 /* PreferencesWindow.xib */,
				BC38D7F21B4007B5000D65B2 /* AppDelegate.swift */,
				BCF8ADC31B481F15003CBC8C /* InsteonHub.swift */,
				BC38D7F41B4007B5000D65B2 /* Images.xcassets */,
				BC38D7F61B4007B5000D65B2 /* MainMenu.xib */,
				BC38D7F01B4007B5000D65B2 /* Supporting Files */,
			);
			path = InsteonCommander;
			sourceTree = "<group>";
		};
		BC38D7F01B4007B5000D65B2 /* Supporting Files */ = {
			isa = PBXGroup;
			children = (
				BC38D7F11B4007B5000D65B2 /* Info.plist */,
			);
			name = "Supporting Files";
			sourceTree = "<group>";
		};
		BC38D8001B4007B5000D65B2 /* InsteonCommanderTests */ = {
			isa = PBXGroup;
			children = (
				BC38D8031B4007B5000D65B2 /* InsteonCommanderTests.swift */,
				BC38D8011B4007B5000D65B2 /* Supporting Files */,
			);
			path = InsteonCommanderTests;
			sourceTree = "<group>";
		};
		BC38D8011B4007B5000D65B2 /* Supporting Files */ = {
			isa = PBXGroup;
			children = (
				BC38D8021B4007B5000D65B2 /* Info.plist */,
			);
			name = "Supporting Files";
			sourceTree = "<group>";
		};
/* End PBXGroup section */

/* Begin PBXNativeTarget section */
		BC38D7EC1B4007B5000D65B2 /* InsteonCommander */ = {
			isa = PBXNativeTarget;
			buildConfigurationList = BC38D8071B4007B5000D65B2 /* Build configuration list for PBXNativeTarget "InsteonCommander" */;
			buildPhases = (
				BC38D7E91B4007B5000D65B2 /* Sources */,
				BC38D7EA1B4007B5000D65B2 /* Frameworks */,
				BC38D7EB1B4007B5000D65B2 /* Resources */,
			);
			buildRules = (
			);
			dependencies = (
			);
			name = InsteonCommander;
			productName = InsteonCommander;
			productReference = BC38D7ED1B4007B5000D65B2 /* InsteonCommander.app */;
			productType = "com.apple.product-type.application";
		};
		BC38D7FC1B4007B5000D65B2 /* InsteonCommanderTests */ = {
			isa = PBXNativeTarget;
			buildConfigurationList = BC38D80A1B4007B5000D65B2 /* Build configuration list for PBXNativeTarget "InsteonCommanderTests" */;
			buildPhases = (
				BC38D7F91B4007B5000D65B2 /* Sources */,
				BC38D7FA1B4007B5000D65B2 /* Frameworks */,
				BC38D7FB1B4007B5000D65B2 /* Resources */,
			);
			buildRules = (
			);
			dependencies = (
				BC38D7FF1B4007B5000D65B2 /* PBXTargetDependency */,
			);
			name = InsteonCommanderTests;
			productName = InsteonCommanderTests;
			productReference = BC38D7FD1B4007B5000D65B2 /* InsteonCommanderTests.xctest */;
			productType = "com.apple.product-type.bundle.unit-test";
		};
/* End PBXNativeTarget section */

/* Begin PBXProject section */
		BC38D7E51B4007B5000D65B2 /* Project object */ = {
			isa = PBXProject;
			attributes = {
				LastUpgradeCheck = 0630;
				ORGANIZATIONNAME = "Mark Veinot";
				TargetAttributes = {
					BC38D7EC1B4007B5000D65B2 = {
						CreatedOnToolsVersion = 6.3.2;
					};
					BC38D7FC1B4007B5000D65B2 = {
						CreatedOnToolsVersion = 6.3.2;
						TestTargetID = BC38D7EC1B4007B5000D65B2;
					};
				};
			};
			buildConfigurationList = BC38D7E81B4007B5000D65B2 /* Build configuration list for PBXProject "InsteonCommander" */;
			compatibilityVersion = "Xcode 3.2";
			developmentRegion = English;
			hasScannedForEncodings = 0;
			knownRegions = (
				en,
				Base,
			);
			mainGroup = BC38D7E41B4007B5000D65B2;
			productRefGroup = BC38D7EE1B4007B5000D65B2 /* Products */;
			projectDirPath = "";
			projectRoot = "";
			targets = (
				BC38D7EC1B4007B5000D65B2 /* InsteonCommander */,
				BC38D7FC1B4007B5000D65B2 /* InsteonCommanderTests */,
			);
		};
/* End PBXProject section */

/* Begin PBXResourcesBuildPhase section */
		BC38D7EB1B4007B5000D65B2 /* Resources */ = {
			isa = PBXResourcesBuildPhase;
			buildActionMask = 2147483647;
			files = (
				BCAE79811B47261D00117216 /* PreferencesWindow.xib in Resources */,
				BCADEEC11B42C3CA00372FBD /* tray.png in Resources */,
				BC38D7F51B4007B5000D65B2 /* Images.xcassets in Resources */,
				BC38D7F81B4007B5000D65B2 /* MainMenu.xib in Resources */,
			);
			runOnlyForDeploymentPostprocessing = 0;
		};
		BC38D7FB1B4007B5000D65B2 /* Resources */ = {
			isa = PBXResourcesBuildPhase;
			buildActionMask = 2147483647;
			files = (
			);
			runOnlyForDeploymentPostprocessing = 0;
		};
/* End PBXResourcesBuildPhase section */

/* Begin PBXSourcesBuildPhase section */
		BC38D7E91B4007B5000D65B2 /* Sources */ = {
			isa = PBXSourcesBuildPhase;
			buildActionMask = 2147483647;
			files = (
				BCAE79801B47261D00117216 /* PreferencesWindow.swift in Sources */,
				BCF8ADC41B481F15003CBC8C /* InsteonHub.swift in Sources */,
				BC38D7F31B4007B5000D65B2 /* AppDelegate.swift in Sources */,
			);
			runOnlyForDeploymentPostprocessing = 0;
		};
		BC38D7F91B4007B5000D65B2 /* Sources */ = {
			isa = PBXSourcesBuildPhase;
			buildActionMask = 2147483647;
			files = (
				BC38D8041B4007B5000D65B2 /* InsteonCommanderTests.swift in Sources */,
			);
			runOnlyForDeploymentPostprocessing = 0;
		};
/* End PBXSourcesBuildPhase section */

/* Begin PBXTargetDependency section */
		BC38D7FF1B4007B5000D65B2 /* PBXTargetDependency */ = {
			isa = PBXTargetDependency;
			target = BC38D7EC1B4007B5000D65B2 /* InsteonCommander */;
			targetProxy = BC38D7FE1B4007B5000D65B2 /* PBXContainerItemProxy */;
		};
/* End PBXTargetDependency section */

/* Begin PBXVariantGroup section */
		BC38D7F61B4007B5000D65B2 /* MainMenu.xib */ = {
			isa = PBXVariantGroup;
			children = (
				BC38D7F71B4007B5000D65B2 /* Base */,
			);
			name = MainMenu.xib;
			sourceTree = "<group>";
		};
/* End PBXVariantGroup section */

/* Begin XCBuildConfiguration section */
		BC38D8051B4007B5000D65B2 /* Debug */ = {
			isa = XCBuildConfiguration;
			buildSettings = {
				ALWAYS_SEARCH_USER_PATHS = NO;
				CLANG_CXX_LANGUAGE_STANDARD = "gnu++0x";
				CLANG_CXX_LIBRARY = "libc++";
				CLANG_ENABLE_MODULES = YES;
				CLANG_ENABLE_OBJC_ARC = YES;
				CLANG_WARN_BOOL_CONVERSION = YES;
				CLANG_WARN_CONSTANT_CONVERSION = YES;
				CLANG_WARN_DIRECT_OBJC_ISA_USAGE = YES_ERROR;
				CLANG_WARN_EMPTY_BODY = YES;
				CLANG_WARN_ENUM_CONVERSION = YES;
				CLANG_WARN_INT_CONVERSION = YES;
				CLANG_WARN_OBJC_ROOT_CLASS = YES_ERROR;
				CLANG_WARN_UNREACHABLE_CODE = YES;
				CLANG_WARN__DUPLICATE_METHOD_MATCH = YES;
				CODE_SIGN_IDENTITY = "-";
				COPY_PHASE_STRIP = NO;
				DEBUG_INFORMATION_FORMAT = dwarf;
				ENABLE_STRICT_OBJC_MSGSEND = YES;
				GCC_C_LANGUAGE_STANDARD = gnu99;
				GCC_DYNAMIC_NO_PIC = NO;
				GCC_NO_COMMON_BLOCKS = YES;
				GCC_OPTIMIZATION_LEVEL = 0;
				GCC_PREPROCESSOR_DEFINITIONS = (
					"DEBUG=1",
					"$(inherited)",
				);
				GCC_SYMBOLS_PRIVATE_EXTERN = NO;
				GCC_WARN_64_TO_32_BIT_CONVERSION = YES;
				GCC_WARN_ABOUT_RETURN_TYPE = YES_ERROR;
				GCC_WARN_UNDECLARED_SELECTOR = YES;
				GCC_WARN_UNINITIALIZED_AUTOS = YES_AGGRESSIVE;
				GCC_WARN_UNUSED_FUNCTION = YES;
				GCC_WARN_UNUSED_VARIABLE = YES;
				MACOSX_DEPLOYMENT_TARGET = 10.10;
				MTL_ENABLE_DEBUG_INFO = YES;
				ONLY_ACTIVE_ARCH = YES;
				SDKROOT = macosx;
				SWIFT_OPTIMIZATION_LEVEL = "-Onone";
			};
			name = Debug;
		};
		BC38D8061B4007B5000D65B2 /* Release */ = {
			isa = XCBuildConfiguration;
			buildSettings = {
				ALWAYS_SEARCH_USER_PATHS = NO;
				CLANG_CXX_LANGUAGE_STANDARD = "gnu++0x";
				CLANG_CXX_LIBRARY = "libc++";
				CLANG_ENABLE_MODULES = YES;
				CLANG_ENABLE_OBJC_ARC = YES;
				CLANG_WARN_BOOL_CONVERSION = YES;
				CLANG_WARN_CONSTANT_CONVERSION = YES;
				CLANG_WARN_DIRECT_OBJC_ISA_USAGE = YES_ERROR;
				CLANG_WARN_EMPTY_BODY = YES;
				CLANG_WARN_ENUM_CONVERSION = YES;
				CLANG_WARN_INT_CONVERSION = YES;
				CLANG_WARN_OBJC_ROOT_CLASS = YES_ERROR;
				CLANG_WARN_UNREACHABLE_CODE = YES;
				CLANG_WARN__DUPLICATE_METHOD_MATCH = YES;
				CODE_SIGN_IDENTITY = "-";
				COPY_PHASE_STRIP = NO;
				DEBUG_INFORMATION_FORMAT = "dwarf-with-dsym";
				ENABLE_NS_ASSERTIONS = NO;
				ENABLE_STRICT_OBJC_MSGSEND = YES;
				GCC_C_LANGUAGE_STANDARD = gnu99;
				GCC_NO_COMMON_BLOCKS = YES;
				GCC_WARN_64_TO_32_BIT_CONVERSION = YES;
				GCC_WARN_ABOUT_RETURN_TYPE = YES_ERROR;
				GCC_WARN_UNDECLARED_SELECTOR = YES;
				GCC_WARN_UNINITIALIZED_AUTOS = YES_AGGRESSIVE;
				GCC_WARN_UNUSED_FUNCTION = YES;
				GCC_WARN_UNUSED_VARIABLE = YES;
				MACOSX_DEPLOYMENT_TARGET = 10.10;
				MTL_ENABLE_DEBUG_INFO = NO;
				SDKROOT = macosx;
			};
			name = Release;
		};
		BC38D8081B4007B5000D65B2 /* Debug */ = {
			isa = XCBuildConfiguration;
			buildSettings = {
				ASSETCATALOG_COMPILER_APPICON_NAME = AppIcon;
				COMBINE_HIDPI_IMAGES = YES;
				INFOPLIST_FILE = InsteonCommander/Info.plist;
				LD_RUNPATH_SEARCH_PATHS = "$(inherited) @executable_path/../Frameworks";
				PRODUCT_NAME = "$(TARGET_NAME)";
			};
			name = Debug;
		};
		BC38D8091B4007B5000D65B2 /* Release */ = {
			isa = XCBuildConfiguration;
			buildSettings = {
				ASSETCATALOG_COMPILER_APPICON_NAME = AppIcon;
				COMBINE_HIDPI_IMAGES = YES;
				INFOPLIST_FILE = InsteonCommander/Info.plist;
				LD_RUNPATH_SEARCH_PATHS = "$(inherited) @executable_path/../Frameworks";
				PRODUCT_NAME = "$(TARGET_NAME)";
			};
			name = Release;
		};
		BC38D80B1B4007B5000D65B2 /* Debug */ = {
			isa = XCBuildConfiguration;
			buildSettings = {
				BUNDLE_LOADER = "$(TEST_HOST)";
				COMBINE_HIDPI_IMAGES = YES;
				FRAMEWORK_SEARCH_PATHS = (
					"$(DEVELOPER_FRAMEWORKS_DIR)",
					"$(inherited)",
				);
				GCC_PREPROCESSOR_DEFINITIONS = (
					"DEBUG=1",
					"$(inherited)",
				);
				INFOPLIST_FILE = InsteonCommanderTests/Info.plist;
				LD_RUNPATH_SEARCH_PATHS = "$(inherited) @executable_path/../Frameworks @loader_path/../Frameworks";
				PRODUCT_NAME = "$(TARGET_NAME)";
				TEST_HOST = "$(BUILT_PRODUCTS_DIR)/InsteonCommander.app/Contents/MacOS/InsteonCommander";
			};
			name = Debug;
		};
		BC38D80C1B4007B5000D65B2 /* Release */ = {
			isa = XCBuildConfiguration;
			buildSettings = {
				BUNDLE_LOADER = "$(TEST_HOST)";
				COMBINE_HIDPI_IMAGES = YES;
				FRAMEWORK_SEARCH_PATHS = (
					"$(DEVELOPER_FRAMEWORKS_DIR)",
					"$(inherited)",
				);
				INFOPLIST_FILE = InsteonCommanderTests/Info.plist;
				LD_RUNPATH_SEARCH_PATHS = "$(inherited) @executable_path/../Frameworks @loader_path/../Frameworks";
				PRODUCT_NAME = "$(TARGET_NAME)";
				TEST_HOST = "$(BUILT_PRODUCTS_DIR)/InsteonCommander.app/Contents/MacOS/InsteonCommander";
			};
			name = Release;
		};
/* End XCBuildConfiguration section */

/* Begin XCConfigurationList section */
		BC38D7E81B4007B5000D65B2 /* Build configuration list for PBXProject "InsteonCommander" */ = {
			isa = XCConfigurationList;
			buildConfigurations = (
				BC38D8051B4007B5000D65B2 /* Debug */,
				BC38D8061B4007B5000D65B2 /* Release */,
			);
			defaultConfigurationIsVisible = 0;
			defaultConfigurationName = Release;
		};
		BC38D8071B4007B5000D65B2 /* Build configuration list for PBXNativeTarget "InsteonCommander" */ = {
			isa = XCConfigurationList;
			buildConfigurations = (
				BC38D8081B4007B5000D65B2 /* Debug */,
				BC38D8091B4007B5000D65B2 /* Release */,
			);
			defaultConfigurationIsVisible = 0;
			defaultConfigurationName = Release;
		};
		BC38D80A1B4007B5000D65B2 /* Build configuration list for PBXNativeTarget "InsteonCommanderTests" */ = {
			isa = XCConfigurationList;
			buildConfigurations = (
				BC38D80B1B4007B5000D65B2 /* Debug */,
				BC38D80C1B4007B5000D65B2 /* Release */,
			);
			defaultConfigurationIsVisible = 0;
			defaultConfigurationName = Release;
		};
/* End XCConfigurationList section */
	};
	rootObject = BC38D7E51B4007B5000D65B2 /* Project object */;
}
